
Microsoft Visual Studio Solution File, Format Version 12.00
# Visual Studio 15
VisualStudioVersion = 15.0.28307.1022
MinimumVisualStudioVersion = 10.0.40219.1
Project("{FAE04EC0-301F-11D3-BF4B-00C04F79EFBC}") = "AccesoDatos", "Proyecto Progra 3\AccesoDatos.csproj", "{A455D35E-34CE-487D-85A2-D98242732BF5}"
EndProject
Project("{FAE04EC0-301F-11D3-BF4B-00C04F79EFBC}") = "Entidades", "Entidades\Entidades.csproj", "{1B68F5E8-5798-4799-984E-7C685D136FAF}"
EndProject
Project("{FAE04EC0-301F-11D3-BF4B-00C04F79EFBC}") = "Logica", "Logica\Logica.csproj", "{DEB9AA12-E45F-44A5-A451-073F3F215686}"
EndProject
Project("{FAE04EC0-301F-11D3-BF4B-00C04F79EFBC}") = "Test", "Test\Test.csproj", "{8560267F-00A6-422D-A54D-A917BB0DF858}"
EndProject
Project("{FAE04EC0-301F-11D3-BF4B-00C04F79EFBC}") = "Presentacion", "Presentacion\Presentacion.csproj", "{3ED402C3-099B-4438-9CAE-188DEB1C6A26}"
EndProject
Global
	GlobalSection(SolutionConfigurationPlatforms) = preSolution
		Debug|Any CPU = Debug|Any CPU
		Release|Any CPU = Release|Any CPU
	EndGlobalSection
	GlobalSection(ProjectConfigurationPlatforms) = postSolution
		{A455D35E-34CE-487D-85A2-D98242732BF5}.Debug|Any CPU.ActiveCfg = Debug|Any CPU
		{A455D35E-34CE-487D-85A2-D98242732BF5}.Debug|Any CPU.Build.0 = Debug|Any CPU
		{A455D35E-34CE-487D-85A2-D98242732BF5}.Release|Any CPU.ActiveCfg = Release|Any CPU
		{A455D35E-34CE-487D-85A2-D98242732BF5}.Release|Any CPU.Build.0 = Release|Any CPU
		{1B68F5E8-5798-4799-984E-7C685D136FAF}.Debug|Any CPU.ActiveCfg = Debug|Any CPU
		{1B68F5E8-5798-4799-984E-7C685D136FAF}.Debug|Any CPU.Build.0 = Debug|Any CPU
		{1B68F5E8-5798-4799-984E-7C685D136FAF}.Release|Any CPU.ActiveCfg = Release|Any CPU
		{1B68F5E8-5798-4799-984E-7C685D136FAF}.Release|Any CPU.Build.0 = Release|Any CPU
		{DEB9AA12-E45F-44A5-A451-073F3F215686}.Debug|Any CPU.ActiveCfg = Debug|Any CPU
		{DEB9AA12-E45F-44A5-A451-073F3F215686}.Debug|Any CPU.Build.0 = Debug|Any CPU
		{DEB9AA12-E45F-44A5-A451-073F3F215686}.Release|Any CPU.ActiveCfg = Release|Any CPU
		{DEB9AA12-E45F-44A5-A451-073F3F215686}.Release|Any CPU.Build.0 = Release|Any CPU
		{8560267F-00A6-422D-A54D-A917BB0DF858}.Debug|Any CPU.ActiveCfg = Debug|Any CPU
		{8560267F-00A6-422D-A54D-A917BB0DF858}.Debug|Any CPU.Build.0 = Debug|Any CPU
		{8560267F-00A6-422D-A54D-A917BB0DF858}.Release|Any CPU.ActiveCfg = Release|Any CPU
		{8560267F-00A6-422D-A54D-A917BB0DF858}.Release|Any CPU.Build.0 = Release|Any CPU
		{3ED402C3-099B-4438-9CAE-188DEB1C6A26}.Debug|Any CPU.ActiveCfg = Debug|Any CPU
		{3ED402C3-099B-4438-9CAE-188DEB1C6A26}.Debug|Any CPU.Build.0 = Debug|Any CPU
		{3ED402C3-099B-4438-9CAE-188DEB1C6A26}.Release|Any CPU.ActiveCfg = Release|Any CPU
		{3ED402C3-099B-4438-9CAE-188DEB1C6A26}.Release|Any CPU.Build.0 = Release|Any CPU
	EndGlobalSection
	GlobalSection(SolutionProperties) = preSolution
		HideSolutionNode = FALSE
	EndGlobalSection
	GlobalSection(ExtensibilityGlobals) = postSolution
		SolutionGuid = {3D098139-BFFC-423F-BB1B-3E5F2EE19E09}
	EndGlobalSection
EndGlobal
